
Microsoft Visual Studio Solution File, Format Version 12.00
# Visual Studio Version 16
VisualStudioVersion = 16.0.31129.286
MinimumVisualStudioVersion = 10.0.40219.1
Project("{2150E333-8FDC-42A3-9474-1A3956D46DE8}") = "Proyectos", "Proyectos", "{81FAE85A-0116-487D-8995-6342EC5D9052}"
EndProject
Project("{FAE04EC0-301F-11D3-BF4B-00C04F79EFBC}") = "ApiRest", "ApiRest\ApiRest.csproj", "{4C36C824-2330-4953-8A04-EF7B3F6D9E2C}"
EndProject
Project("{FAE04EC0-301F-11D3-BF4B-00C04F79EFBC}") = "SitioWeb", "SitioWeb\SitioWeb.csproj", "{5584C07F-748C-4E40-8E96-319936BF5271}"
EndProject
Project("{FAE04EC0-301F-11D3-BF4B-00C04F79EFBC}") = "Entidades", "Entidades\Entidades.csproj", "{ABDE9277-E5DB-4F2C-B876-D4BBC143C5E8}"
EndProject
Project("{FAE04EC0-301F-11D3-BF4B-00C04F79EFBC}") = "DTOs", "DTOs\DTOs.csproj", "{22222613-03CF-4555-88EB-44CC1D661623}"
EndProject
Project("{FAE04EC0-301F-11D3-BF4B-00C04F79EFBC}") = "Servicios", "Servicios\Servicios.csproj", "{324CAD7B-4DBA-4503-A23B-58062318435D}"
EndProject
Project("{FAE04EC0-301F-11D3-BF4B-00C04F79EFBC}") = "Repositorios", "Repositorios\Repositorios.csproj", "{B1D2B055-1A5A-40A8-9E70-E80BAC1376FF}"
EndProject
Project("{FAE04EC0-301F-11D3-BF4B-00C04F79EFBC}") = "Modelos", "Modelos\Modelos.csproj", "{2DDD9007-D129-4FED-B703-2B6BDC9B3AA4}"
EndProject
Global
	GlobalSection(SolutionConfigurationPlatforms) = preSolution
		Debug|Any CPU = Debug|Any CPU
		Release|Any CPU = Release|Any CPU
	EndGlobalSection
	GlobalSection(ProjectConfigurationPlatforms) = postSolution
		{4C36C824-2330-4953-8A04-EF7B3F6D9E2C}.Debug|Any CPU.ActiveCfg = Debug|Any CPU
		{4C36C824-2330-4953-8A04-EF7B3F6D9E2C}.Debug|Any CPU.Build.0 = Debug|Any CPU
		{4C36C824-2330-4953-8A04-EF7B3F6D9E2C}.Release|Any CPU.ActiveCfg = Release|Any CPU
		{4C36C824-2330-4953-8A04-EF7B3F6D9E2C}.Release|Any CPU.Build.0 = Release|Any CPU
		{5584C07F-748C-4E40-8E96-319936BF5271}.Debug|Any CPU.ActiveCfg = Debug|Any CPU
		{5584C07F-748C-4E40-8E96-319936BF5271}.Debug|Any CPU.Build.0 = Debug|Any CPU
		{5584C07F-748C-4E40-8E96-319936BF5271}.Release|Any CPU.ActiveCfg = Release|Any CPU
		{5584C07F-748C-4E40-8E96-319936BF5271}.Release|Any CPU.Build.0 = Release|Any CPU
		{ABDE9277-E5DB-4F2C-B876-D4BBC143C5E8}.Debug|Any CPU.ActiveCfg = Debug|Any CPU
		{ABDE9277-E5DB-4F2C-B876-D4BBC143C5E8}.Debug|Any CPU.Build.0 = Debug|Any CPU
		{ABDE9277-E5DB-4F2C-B876-D4BBC143C5E8}.Release|Any CPU.ActiveCfg = Release|Any CPU
		{ABDE9277-E5DB-4F2C-B876-D4BBC143C5E8}.Release|Any CPU.Build.0 = Release|Any CPU
		{22222613-03CF-4555-88EB-44CC1D661623}.Debug|Any CPU.ActiveCfg = Debug|Any CPU
		{22222613-03CF-4555-88EB-44CC1D661623}.Debug|Any CPU.Build.0 = Debug|Any CPU
		{22222613-03CF-4555-88EB-44CC1D661623}.Release|Any CPU.ActiveCfg = Release|Any CPU
		{22222613-03CF-4555-88EB-44CC1D661623}.Release|Any CPU.Build.0 = Release|Any CPU
		{324CAD7B-4DBA-4503-A23B-58062318435D}.Debug|Any CPU.ActiveCfg = Debug|Any CPU
		{324CAD7B-4DBA-4503-A23B-58062318435D}.Debug|Any CPU.Build.0 = Debug|Any CPU
		{324CAD7B-4DBA-4503-A23B-58062318435D}.Release|Any CPU.ActiveCfg = Release|Any CPU
		{324CAD7B-4DBA-4503-A23B-58062318435D}.Release|Any CPU.Build.0 = Release|Any CPU
		{B1D2B055-1A5A-40A8-9E70-E80BAC1376FF}.Debug|Any CPU.ActiveCfg = Debug|Any CPU
		{B1D2B055-1A5A-40A8-9E70-E80BAC1376FF}.Debug|Any CPU.Build.0 = Debug|Any CPU
		{B1D2B055-1A5A-40A8-9E70-E80BAC1376FF}.Release|Any CPU.ActiveCfg = Release|Any CPU
		{B1D2B055-1A5A-40A8-9E70-E80BAC1376FF}.Release|Any CPU.Build.0 = Release|Any CPU
		{2DDD9007-D129-4FED-B703-2B6BDC9B3AA4}.Debug|Any CPU.ActiveCfg = Debug|Any CPU
		{2DDD9007-D129-4FED-B703-2B6BDC9B3AA4}.Debug|Any CPU.Build.0 = Debug|Any CPU
		{2DDD9007-D129-4FED-B703-2B6BDC9B3AA4}.Release|Any CPU.ActiveCfg = Release|Any CPU
		{2DDD9007-D129-4FED-B703-2B6BDC9B3AA4}.Release|Any CPU.Build.0 = Release|Any CPU
	EndGlobalSection
	GlobalSection(SolutionProperties) = preSolution
		HideSolutionNode = FALSE
	EndGlobalSection
	GlobalSection(NestedProjects) = preSolution
		{4C36C824-2330-4953-8A04-EF7B3F6D9E2C} = {81FAE85A-0116-487D-8995-6342EC5D9052}
		{5584C07F-748C-4E40-8E96-319936BF5271} = {81FAE85A-0116-487D-8995-6342EC5D9052}
		{ABDE9277-E5DB-4F2C-B876-D4BBC143C5E8} = {81FAE85A-0116-487D-8995-6342EC5D9052}
		{22222613-03CF-4555-88EB-44CC1D661623} = {81FAE85A-0116-487D-8995-6342EC5D9052}
		{324CAD7B-4DBA-4503-A23B-58062318435D} = {81FAE85A-0116-487D-8995-6342EC5D9052}
		{B1D2B055-1A5A-40A8-9E70-E80BAC1376FF} = {81FAE85A-0116-487D-8995-6342EC5D9052}
		{2DDD9007-D129-4FED-B703-2B6BDC9B3AA4} = {81FAE85A-0116-487D-8995-6342EC5D9052}
	EndGlobalSection
	GlobalSection(ExtensibilityGlobals) = postSolution
		SolutionGuid = {CCAEA271-A6AE-44FF-9F81-0242365D6AF8}
	EndGlobalSection
EndGlobal
