
Microsoft Visual Studio Solution File, Format Version 12.00
# Visual Studio Version 16
VisualStudioVersion = 16.0.31129.286
MinimumVisualStudioVersion = 10.0.40219.1
Project("{FAE04EC0-301F-11D3-BF4B-00C04F79EFBC}") = "ProgaWeb3TP", "ProgaWeb3TP\ProgaWeb3TP.csproj", "{24CC0323-90EC-4228-882D-DF7E5BBF737D}"
EndProject
Global
	GlobalSection(SolutionConfigurationPlatforms) = preSolution
		Debug|Any CPU = Debug|Any CPU
		Release|Any CPU = Release|Any CPU
	EndGlobalSection
	GlobalSection(ProjectConfigurationPlatforms) = postSolution
		{24CC0323-90EC-4228-882D-DF7E5BBF737D}.Debug|Any CPU.ActiveCfg = Debug|Any CPU
		{24CC0323-90EC-4228-882D-DF7E5BBF737D}.Debug|Any CPU.Build.0 = Debug|Any CPU
		{24CC0323-90EC-4228-882D-DF7E5BBF737D}.Release|Any CPU.ActiveCfg = Release|Any CPU
		{24CC0323-90EC-4228-882D-DF7E5BBF737D}.Release|Any CPU.Build.0 = Release|Any CPU
	EndGlobalSection
	GlobalSection(SolutionProperties) = preSolution
		HideSolutionNode = FALSE
	EndGlobalSection
	GlobalSection(ExtensibilityGlobals) = postSolution
		SolutionGuid = {FC1A0CE1-5242-4011-A9D6-EF6190B8464A}
	EndGlobalSection
EndGlobal
