
Microsoft Visual Studio Solution File, Format Version 12.00
# Visual Studio Version 16
VisualStudioVersion = 16.0.31129.286
MinimumVisualStudioVersion = 10.0.40219.1
Project("{9A19103F-16F7-4668-BE54-9A1E7A4F7556}") = "ProgaWeb3TP", "ProgaWeb3TP.csproj", "{D289B20A-EA69-4096-A9FA-685176198B98}"
EndProject
Project("{9A19103F-16F7-4668-BE54-9A1E7A4F7556}") = "Servicios", "src\Servicios\Servicios.csproj", "{340CB95B-CF9A-4CE1-BB27-B8EF6BF15668}"
EndProject
Project("{9A19103F-16F7-4668-BE54-9A1E7A4F7556}") = "Repositorios", "src\Repositorios\Repositorios.csproj", "{FED0136B-68A0-4B5A-AB65-1867C1AFA401}"
EndProject
Project("{9A19103F-16F7-4668-BE54-9A1E7A4F7556}") = "Modelos", "src\Modelos\Modelos.csproj", "{6EEC0E5D-C7D0-4BF2-AE49-790E67D28FC9}"
EndProject
Global
	GlobalSection(SolutionConfigurationPlatforms) = preSolution
		Debug|Any CPU = Debug|Any CPU
		Release|Any CPU = Release|Any CPU
	EndGlobalSection
	GlobalSection(ProjectConfigurationPlatforms) = postSolution
		{D289B20A-EA69-4096-A9FA-685176198B98}.Debug|Any CPU.ActiveCfg = Debug|Any CPU
		{D289B20A-EA69-4096-A9FA-685176198B98}.Debug|Any CPU.Build.0 = Debug|Any CPU
		{D289B20A-EA69-4096-A9FA-685176198B98}.Release|Any CPU.ActiveCfg = Release|Any CPU
		{D289B20A-EA69-4096-A9FA-685176198B98}.Release|Any CPU.Build.0 = Release|Any CPU
		{340CB95B-CF9A-4CE1-BB27-B8EF6BF15668}.Debug|Any CPU.ActiveCfg = Debug|Any CPU
		{340CB95B-CF9A-4CE1-BB27-B8EF6BF15668}.Debug|Any CPU.Build.0 = Debug|Any CPU
		{340CB95B-CF9A-4CE1-BB27-B8EF6BF15668}.Release|Any CPU.ActiveCfg = Release|Any CPU
		{340CB95B-CF9A-4CE1-BB27-B8EF6BF15668}.Release|Any CPU.Build.0 = Release|Any CPU
		{FED0136B-68A0-4B5A-AB65-1867C1AFA401}.Debug|Any CPU.ActiveCfg = Debug|Any CPU
		{FED0136B-68A0-4B5A-AB65-1867C1AFA401}.Debug|Any CPU.Build.0 = Debug|Any CPU
		{FED0136B-68A0-4B5A-AB65-1867C1AFA401}.Release|Any CPU.ActiveCfg = Release|Any CPU
		{FED0136B-68A0-4B5A-AB65-1867C1AFA401}.Release|Any CPU.Build.0 = Release|Any CPU
		{6EEC0E5D-C7D0-4BF2-AE49-790E67D28FC9}.Debug|Any CPU.ActiveCfg = Debug|Any CPU
		{6EEC0E5D-C7D0-4BF2-AE49-790E67D28FC9}.Debug|Any CPU.Build.0 = Debug|Any CPU
		{6EEC0E5D-C7D0-4BF2-AE49-790E67D28FC9}.Release|Any CPU.ActiveCfg = Release|Any CPU
		{6EEC0E5D-C7D0-4BF2-AE49-790E67D28FC9}.Release|Any CPU.Build.0 = Release|Any CPU
	EndGlobalSection
	GlobalSection(SolutionProperties) = preSolution
		HideSolutionNode = FALSE
	EndGlobalSection
	GlobalSection(ExtensibilityGlobals) = postSolution
		SolutionGuid = {05EDECB5-3757-40BC-9ECD-894A0E71DDA5}
	EndGlobalSection
EndGlobal
